github.com/google/uuid v1.6.0 h1:NIvaJDMOsjHA8n1jAhLSgzrAzy1Hgr+hNrb57e+94F0=
github.com/google/uuid v1.6.0/go.mod h1:TIyPZe4MgqvfeYDBFedMoGGpEw/LqOeaOT+nhxU+yHo=
github.com/milla-v/xandr v1.0.0 h1:73YsJsDdesnhXBDvu7KXxNu8apbT8Q7VOFEQO7WGqBk=
github.com/milla-v/xandr v1.0.0/go.mod h1:mconCHM/Of1JtHjLYuw51nPvKqe9lbCvTfRwGPbryQ4=
github.com/milla-v/xandr v1.0.1 h1:hw1ebrLceEMWo6I5IY6hnEfdjoWl1Lz3kpp1NlT1pLY=
github.com/milla-v/xandr v1.0.1/go.mod h1:mconCHM/Of1JtHjLYuw51nPvKqe9lbCvTfRwGPbryQ4=
golang.org/x/crypto v0.18.0 h1:PGVlW0xEltQnzFZ55hkuX5+KLyrMYhHld1YHO4AKcdc=
golang.org/x/crypto v0.18.0/go.mod h1:R0j02AL6hcrfOiy9T4ZYp/rcWeMxM3L6QYxlOuEG1mg=
golang.org/x/net v0.10.0 h1:X2//UzNDwYmtCLn7To6G58Wr6f5ahEAQgKNzv9Y951M=
golang.org/x/net v0.10.0/go.mod h1:0qNGK6F8kojg2nk9dLZ2mShWaEBan6FAoqfSigmmuDg=
golang.org/x/text v0.14.0 h1:ScX5w1eTa3QqT8oi6+ziP7dTV1S2+ALU0bI+0zXKWiQ=
golang.org/x/text v0.14.0/go.mod h1:18ZOQIKpY8NJVqYksKHtTdi31H5itFRjB5/qKTNYzSU=
